{
  "object": {
    "pins": [
      {
        "package": "MoEngage-iOS-SDK",
        "repositoryURL": "https://github.com/moengage/MoEngage-iOS-SDK.git",
        "state": {
          "branch": null,
          "revision": "69f56053d938c2f181501de9f2de43de3267b554",
          "version": "8.0.0"
        }
      }
    ]
  },
  "version": 1
}
